
Microsoft Visual Studio Solution File, Format Version 12.00
# Visual Studio 15
VisualStudioVersion = 15.0.28010.2016
MinimumVisualStudioVersion = 10.0.40219.1
Project("{FAE04EC0-301F-11D3-BF4B-00C04F79EFBC}") = "KSiS7", "KSiS7.csproj", "{0C55D8E3-3C20-44E1-8FA9-2B544047EBB3}"
EndProject
Global
	GlobalSection(SolutionConfigurationPlatforms) = preSolution
		Debug|Any CPU = Debug|Any CPU
		Release|Any CPU = Release|Any CPU
	EndGlobalSection
	GlobalSection(ProjectConfigurationPlatforms) = postSolution
		{0C55D8E3-3C20-44E1-8FA9-2B544047EBB3}.Debug|Any CPU.ActiveCfg = Debug|Any CPU
		{0C55D8E3-3C20-44E1-8FA9-2B544047EBB3}.Debug|Any CPU.Build.0 = Debug|Any CPU
		{0C55D8E3-3C20-44E1-8FA9-2B544047EBB3}.Release|Any CPU.ActiveCfg = Release|Any CPU
		{0C55D8E3-3C20-44E1-8FA9-2B544047EBB3}.Release|Any CPU.Build.0 = Release|Any CPU
	EndGlobalSection
	GlobalSection(SolutionProperties) = preSolution
		HideSolutionNode = FALSE
	EndGlobalSection
	GlobalSection(ExtensibilityGlobals) = postSolution
		SolutionGuid = {9C0D54ED-EC8C-4B21-8971-8FA4F19F4519}
	EndGlobalSection
EndGlobal
